{
  "name": "scene-preset",
  "version": "2.4.9",
  "lockfileVersion": 1,
  "requires": true,
  "dependencies": {
    "@types/body-scroll-lock": {
      "version": "3.1.0",
      "resolved": "https://registry.npmjs.org/@types/body-scroll-lock/-/body-scroll-lock-3.1.0.tgz",
      "integrity": "sha512-3owAC4iJub5WPqRhxd8INarF2bWeQq1yQHBgYhN0XLBJMpd5ED10RrJ3aKiAwlTyL5wK7RkBD4SZUQz2AAAMdA==",
      "dev": true
    },
    "@types/dom-mediacapture-record": {
      "version": "1.0.7",
      "resolved": "https://registry.npmjs.org/@types/dom-mediacapture-record/-/dom-mediacapture-record-1.0.7.tgz",
      "integrity": "sha512-ddDIRTO1ajtbxaNo2o7fPJggpN54PZf1ZUJKOjto2ENMJE/9GKUvaw3ZRuQzlS/p0E+PnIcssxfoqYJ4yiXSBw=="
    },
    "@types/three": {
      "version": "0.135.0",
      "resolved": "https://registry.npmjs.org/@types/three/-/three-0.135.0.tgz",
      "integrity": "sha512-l7WLhIHjhHMtlpyTSltPPAKLpiMwgMD1hXHj59AVUpYRoZP7Fd9NNOSRSvZBCPLpTHPYojgQvSJCoza9zoL7bg==",
      "dev": true
    },
    "@types/webgl2": {
      "version": "0.0.6",
      "resolved": "https://registry.npmjs.org/@types/webgl2/-/webgl2-0.0.6.tgz",
      "integrity": "sha512-50GQhDVTq/herLMiqSQkdtRu+d5q/cWHn4VvKJtrj4DJAjo1MNkWYa2MA41BaBO1q1HgsUjuQvEOk0QHvlnAaQ=="
    },
    "body-scroll-lock": {
      "version": "3.1.5",
      "resolved": "https://registry.npmjs.org/body-scroll-lock/-/body-scroll-lock-3.1.5.tgz",
      "integrity": "sha512-Yi1Xaml0EvNA0OYWxXiYNqY24AfWkbA6w5vxE7GWxtKfzIbZM+Qw+aSmkgsbWzbHiy/RCSkUZBplVxTA+E4jJg=="
    },
    "three": {
      "version": "0.134.0",
      "resolved": "https://registry.npmjs.org/three/-/three-0.134.0.tgz",
      "integrity": "sha512-LbBerg7GaSPjYtTOnu41AMp7tV6efUNR3p4Wk5NzkSsNTBuA5mDGOfwwZL1jhhVMLx9V20HolIUo0+U3AXehbg=="
    },
    "typescript": {
      "version": "4.9.3",
      "resolved": "https://registry.npmjs.org/typescript/-/typescript-4.9.3.tgz",
      "integrity": "sha512-CIfGzTelbKNEnLpLdGFgdyKhG23CKdKgQPOBc+OUNrkJ2vr+KSzsSV5kq5iWhEQbok+quxgGzrAtGWCyU7tHnA==",
      "dev": true
    }
  }
}
